
Microsoft Visual Studio Solution File, Format Version 12.00
# Visual Studio Version 17
VisualStudioVersion = 17.5.33516.290
MinimumVisualStudioVersion = 10.0.40219.1
Project("{FAE04EC0-301F-11D3-BF4B-00C04F79EFBC}") = "WebApplication_", "WebApplication_\WebApplication_.csproj", "{0D3F6D15-A484-4930-BEBB-8217DA8E4E9B}"
EndProject
Global
	GlobalSection(SolutionConfigurationPlatforms) = preSolution
		Debug|Any CPU = Debug|Any CPU
		Release|Any CPU = Release|Any CPU
	EndGlobalSection
	GlobalSection(ProjectConfigurationPlatforms) = postSolution
		{0D3F6D15-A484-4930-BEBB-8217DA8E4E9B}.Debug|Any CPU.ActiveCfg = Debug|Any CPU
		{0D3F6D15-A484-4930-BEBB-8217DA8E4E9B}.Debug|Any CPU.Build.0 = Debug|Any CPU
		{0D3F6D15-A484-4930-BEBB-8217DA8E4E9B}.Release|Any CPU.ActiveCfg = Release|Any CPU
		{0D3F6D15-A484-4930-BEBB-8217DA8E4E9B}.Release|Any CPU.Build.0 = Release|Any CPU
	EndGlobalSection
	GlobalSection(SolutionProperties) = preSolution
		HideSolutionNode = FALSE
	EndGlobalSection
	GlobalSection(ExtensibilityGlobals) = postSolution
		SolutionGuid = {B04F5084-0585-4BCF-9D00-A01FD921C5A1}
	EndGlobalSection
EndGlobal
